// !$*UTF8*$!
{
	archiveVersion = 1;
	classes = {
	};
	objectVersion = 55;
	objects = {

/* Begin PBXBuildFile section */
		95C9270F281D766600F7738E /* AppDelegate.swift in Sources */ = {isa = PBXBuildFile; fileRef = 95C9270E281D766600F7738E /* AppDelegate.swift */; };
		95C92711281D766600F7738E /* SceneDelegate.swift in Sources */ = {isa = PBXBuildFile; fileRef = 95C92710281D766600F7738E /* SceneDelegate.swift */; };
		95C92716281D766600F7738E /* Main.storyboard in Resources */ = {isa = PBXBuildFile; fileRef = 95C92714281D766600F7738E /* Main.storyboard */; };
		95C92718281D766800F7738E /* Assets.xcassets in Resources */ = {isa = PBXBuildFile; fileRef = 95C92717281D766800F7738E /* Assets.xcassets */; };
		95C9271B281D766800F7738E /* LaunchScreen.storyboard in Resources */ = {isa = PBXBuildFile; fileRef = 95C92719281D766800F7738E /* LaunchScreen.storyboard */; };
		95C92723281D78CF00F7738E /* TaskListController.swift in Sources */ = {isa = PBXBuildFile; fileRef = 95C92722281D78CF00F7738E /* TaskListController.swift */; };
		95C92726281D7A1F00F7738E /* Task.swift in Sources */ = {isa = PBXBuildFile; fileRef = 95C92725281D7A1E00F7738E /* Task.swift */; };
		95C92728281D7C1100F7738E /* TaskStorage.swift in Sources */ = {isa = PBXBuildFile; fileRef = 95C92727281D7C1100F7738E /* TaskStorage.swift */; };
		95C9272C281D8DE000F7738E /* TaskCell.swift in Sources */ = {isa = PBXBuildFile; fileRef = 95C9272B281D8DE000F7738E /* TaskCell.swift */; };
		95C9272E281EC29500F7738E /* TaskEditController.swift in Sources */ = {isa = PBXBuildFile; fileRef = 95C9272D281EC29400F7738E /* TaskEditController.swift */; };
		95C92730281ECAC300F7738E /* TaskTypeController.swift in Sources */ = {isa = PBXBuildFile; fileRef = 95C9272F281ECAC300F7738E /* TaskTypeController.swift */; };
		95C92733281ECCC900F7738E /* TaskTypeCell.swift in Sources */ = {isa = PBXBuildFile; fileRef = 95C92731281ECCC900F7738E /* TaskTypeCell.swift */; };
		95C92734281ECCC900F7738E /* TaskTypeCell.xib in Resources */ = {isa = PBXBuildFile; fileRef = 95C92732281ECCC900F7738E /* TaskTypeCell.xib */; };
/* End PBXBuildFile section */

/* Begin PBXFileReference section */
		95C9270B281D766600F7738E /* To-Do Manager.app */ = {isa = PBXFileReference; explicitFileType = wrapper.application; includeInIndex = 0; path = "To-Do Manager.app"; sourceTree = BUILT_PRODUCTS_DIR; };
		95C9270E281D766600F7738E /* AppDelegate.swift */ = {isa = PBXFileReference; lastKnownFileType = sourcecode.swift; path = AppDelegate.swift; sourceTree = "<group>"; };
		95C92710281D766600F7738E /* SceneDelegate.swift */ = {isa = PBXFileReference; lastKnownFileType = sourcecode.swift; path = SceneDelegate.swift; sourceTree = "<group>"; };
		95C92715281D766600F7738E /* Base */ = {isa = PBXFileReference; lastKnownFileType = file.storyboard; name = Base; path = Base.lproj/Main.storyboard; sourceTree = "<group>"; };
		95C92717281D766800F7738E /* Assets.xcassets */ = {isa = PBXFileReference; lastKnownFileType = folder.assetcatalog; path = Assets.xcassets; sourceTree = "<group>"; };
		95C9271A281D766800F7738E /* Base */ = {isa = PBXFileReference; lastKnownFileType = file.storyboard; name = Base; path = Base.lproj/LaunchScreen.storyboard; sourceTree = "<group>"; };
		95C9271C281D766800F7738E /* Info.plist */ = {isa = PBXFileReference; lastKnownFileType = text.plist.xml; path = Info.plist; sourceTree = "<group>"; };
		95C92722281D78CF00F7738E /* TaskListController.swift */ = {isa = PBXFileReference; lastKnownFileType = sourcecode.swift; path = TaskListController.swift; sourceTree = "<group>"; };
		95C92725281D7A1E00F7738E /* Task.swift */ = {isa = PBXFileReference; lastKnownFileType = sourcecode.swift; path = Task.swift; sourceTree = "<group>"; };
		95C92727281D7C1100F7738E /* TaskStorage.swift */ = {isa = PBXFileReference; lastKnownFileType = sourcecode.swift; path = TaskStorage.swift; sourceTree = "<group>"; };
		95C9272B281D8DE000F7738E /* TaskCell.swift */ = {isa = PBXFileReference; lastKnownFileType = sourcecode.swift; path = TaskCell.swift; sourceTree = "<group>"; };
		95C9272D281EC29400F7738E /* TaskEditController.swift */ = {isa = PBXFileReference; lastKnownFileType = sourcecode.swift; path = TaskEditController.swift; sourceTree = "<group>"; };
		95C9272F281ECAC300F7738E /* TaskTypeController.swift */ = {isa = PBXFileReference; lastKnownFileType = sourcecode.swift; path = TaskTypeController.swift; sourceTree = "<group>"; };
		95C92731281ECCC900F7738E /* TaskTypeCell.swift */ = {isa = PBXFileReference; lastKnownFileType = sourcecode.swift; path = TaskTypeCell.swift; sourceTree = "<group>"; };
		95C92732281ECCC900F7738E /* TaskTypeCell.xib */ = {isa = PBXFileReference; lastKnownFileType = file.xib; path = TaskTypeCell.xib; sourceTree = "<group>"; };
/* End PBXFileReference section */

/* Begin PBXFrameworksBuildPhase section */
		95C92708281D766600F7738E /* Frameworks */ = {
			isa = PBXFrameworksBuildPhase;
			buildActionMask = 2147483647;
			files = (
			);
			runOnlyForDeploymentPostprocessing = 0;
		};
/* End PBXFrameworksBuildPhase section */

/* Begin PBXGroup section */
		95C92702281D766600F7738E = {
			isa = PBXGroup;
			children = (
				95C9270D281D766600F7738E /* To-Do Manager */,
				95C9270C281D766600F7738E /* Products */,
			);
			sourceTree = "<group>";
		};
		95C9270C281D766600F7738E /* Products */ = {
			isa = PBXGroup;
			children = (
				95C9270B281D766600F7738E /* To-Do Manager.app */,
			);
			name = Products;
			sourceTree = "<group>";
		};
		95C9270D281D766600F7738E /* To-Do Manager */ = {
			isa = PBXGroup;
			children = (
				95C92724281D7A1100F7738E /* Model */,
				95C92729281D8D8000F7738E /* View */,
				95C9270E281D766600F7738E /* AppDelegate.swift */,
				95C92710281D766600F7738E /* SceneDelegate.swift */,
				95C92714281D766600F7738E /* Main.storyboard */,
				95C9272F281ECAC300F7738E /* TaskTypeController.swift */,
				95C9272D281EC29400F7738E /* TaskEditController.swift */,
				95C92722281D78CF00F7738E /* TaskListController.swift */,
				95C92717281D766800F7738E /* Assets.xcassets */,
				95C92719281D766800F7738E /* LaunchScreen.storyboard */,
				95C9271C281D766800F7738E /* Info.plist */,
			);
			path = "To-Do Manager";
			sourceTree = "<group>";
		};
		95C92724281D7A1100F7738E /* Model */ = {
			isa = PBXGroup;
			children = (
				95C92725281D7A1E00F7738E /* Task.swift */,
				95C92727281D7C1100F7738E /* TaskStorage.swift */,
			);
			path = Model;
			sourceTree = "<group>";
		};
		95C92729281D8D8000F7738E /* View */ = {
			isa = PBXGroup;
			children = (
				95C9272A281D8D9400F7738E /* Cells */,
			);
			path = View;
			sourceTree = "<group>";
		};
		95C9272A281D8D9400F7738E /* Cells */ = {
			isa = PBXGroup;
			children = (
				95C9272B281D8DE000F7738E /* TaskCell.swift */,
				95C92731281ECCC900F7738E /* TaskTypeCell.swift */,
				95C92732281ECCC900F7738E /* TaskTypeCell.xib */,
			);
			path = Cells;
			sourceTree = "<group>";
		};
/* End PBXGroup section */

/* Begin PBXNativeTarget section */
		95C9270A281D766600F7738E /* To-Do Manager */ = {
			isa = PBXNativeTarget;
			buildConfigurationList = 95C9271F281D766800F7738E /* Build configuration list for PBXNativeTarget "To-Do Manager" */;
			buildPhases = (
				95C92707281D766600F7738E /* Sources */,
				95C92708281D766600F7738E /* Frameworks */,
				95C92709281D766600F7738E /* Resources */,
			);
			buildRules = (
			);
			dependencies = (
			);
			name = "To-Do Manager";
			productName = "To-Do Manager";
			productReference = 95C9270B281D766600F7738E /* To-Do Manager.app */;
			productType = "com.apple.product-type.application";
		};
/* End PBXNativeTarget section */

/* Begin PBXProject section */
		95C92703281D766600F7738E /* Project object */ = {
			isa = PBXProject;
			attributes = {
				BuildIndependentTargetsInParallel = 1;
				LastSwiftUpdateCheck = 1330;
				LastUpgradeCheck = 1330;
				TargetAttributes = {
					95C9270A281D766600F7738E = {
						CreatedOnToolsVersion = 13.3.1;
					};
				};
			};
			buildConfigurationList = 95C92706281D766600F7738E /* Build configuration list for PBXProject "To-Do Manager" */;
			compatibilityVersion = "Xcode 13.0";
			developmentRegion = en;
			hasScannedForEncodings = 0;
			knownRegions = (
				en,
				Base,
			);
			mainGroup = 95C92702281D766600F7738E;
			productRefGroup = 95C9270C281D766600F7738E /* Products */;
			projectDirPath = "";
			projectRoot = "";
			targets = (
				95C9270A281D766600F7738E /* To-Do Manager */,
			);
		};
/* End PBXProject section */

/* Begin PBXResourcesBuildPhase section */
		95C92709281D766600F7738E /* Resources */ = {
			isa = PBXResourcesBuildPhase;
			buildActionMask = 2147483647;
			files = (
				95C9271B281D766800F7738E /* LaunchScreen.storyboard in Resources */,
				95C92718281D766800F7738E /* Assets.xcassets in Resources */,
				95C92734281ECCC900F7738E /* TaskTypeCell.xib in Resources */,
				95C92716281D766600F7738E /* Main.storyboard in Resources */,
			);
			runOnlyForDeploymentPostprocessing = 0;
		};
/* End PBXResourcesBuildPhase section */

/* Begin PBXSourcesBuildPhase section */
		95C92707281D766600F7738E /* Sources */ = {
			isa = PBXSourcesBuildPhase;
			buildActionMask = 2147483647;
			files = (
				95C92726281D7A1F00F7738E /* Task.swift in Sources */,
				95C9270F281D766600F7738E /* AppDelegate.swift in Sources */,
				95C92711281D766600F7738E /* SceneDelegate.swift in Sources */,
				95C92728281D7C1100F7738E /* TaskStorage.swift in Sources */,
				95C92730281ECAC300F7738E /* TaskTypeController.swift in Sources */,
				95C9272C281D8DE000F7738E /* TaskCell.swift in Sources */,
				95C92723281D78CF00F7738E /* TaskListController.swift in Sources */,
				95C9272E281EC29500F7738E /* TaskEditController.swift in Sources */,
				95C92733281ECCC900F7738E /* TaskTypeCell.swift in Sources */,
			);
			runOnlyForDeploymentPostprocessing = 0;
		};
/* End PBXSourcesBuildPhase section */

/* Begin PBXVariantGroup section */
		95C92714281D766600F7738E /* Main.storyboard */ = {
			isa = PBXVariantGroup;
			children = (
				95C92715281D766600F7738E /* Base */,
			);
			name = Main.storyboard;
			sourceTree = "<group>";
		};
		95C92719281D766800F7738E /* LaunchScreen.storyboard */ = {
			isa = PBXVariantGroup;
			children = (
				95C9271A281D766800F7738E /* Base */,
			);
			name = LaunchScreen.storyboard;
			sourceTree = "<group>";
		};
/* End PBXVariantGroup section */

/* Begin XCBuildConfiguration section */
		95C9271D281D766800F7738E /* Debug */ = {
			isa = XCBuildConfiguration;
			buildSettings = {
				ALWAYS_SEARCH_USER_PATHS = NO;
				CLANG_ANALYZER_NONNULL = YES;
				CLANG_ANALYZER_NUMBER_OBJECT_CONVERSION = YES_AGGRESSIVE;
				CLANG_CXX_LANGUAGE_STANDARD = "gnu++17";
				CLANG_ENABLE_MODULES = YES;
				CLANG_ENABLE_OBJC_ARC = YES;
				CLANG_ENABLE_OBJC_WEAK = YES;
				CLANG_WARN_BLOCK_CAPTURE_AUTORELEASING = YES;
				CLANG_WARN_BOOL_CONVERSION = YES;
				CLANG_WARN_COMMA = YES;
				CLANG_WARN_CONSTANT_CONVERSION = YES;
				CLANG_WARN_DEPRECATED_OBJC_IMPLEMENTATIONS = YES;
				CLANG_WARN_DIRECT_OBJC_ISA_USAGE = YES_ERROR;
				CLANG_WARN_DOCUMENTATION_COMMENTS = YES;
				CLANG_WARN_EMPTY_BODY = YES;
				CLANG_WARN_ENUM_CONVERSION = YES;
				CLANG_WARN_INFINITE_RECURSION = YES;
				CLANG_WARN_INT_CONVERSION = YES;
				CLANG_WARN_NON_LITERAL_NULL_CONVERSION = YES;
				CLANG_WARN_OBJC_IMPLICIT_RETAIN_SELF = YES;
				CLANG_WARN_OBJC_LITERAL_CONVERSION = YES;
				CLANG_WARN_OBJC_ROOT_CLASS = YES_ERROR;
				CLANG_WARN_QUOTED_INCLUDE_IN_FRAMEWORK_HEADER = YES;
				CLANG_WARN_RANGE_LOOP_ANALYSIS = YES;
				CLANG_WARN_STRICT_PROTOTYPES = YES;
				CLANG_WARN_SUSPICIOUS_MOVE = YES;
				CLANG_WARN_UNGUARDED_AVAILABILITY = YES_AGGRESSIVE;
				CLANG_WARN_UNREACHABLE_CODE = YES;
				CLANG_WARN__DUPLICATE_METHOD_MATCH = YES;
				COPY_PHASE_STRIP = NO;
				DEBUG_INFORMATION_FORMAT = dwarf;
				ENABLE_STRICT_OBJC_MSGSEND = YES;
				ENABLE_TESTABILITY = YES;
				GCC_C_LANGUAGE_STANDARD = gnu11;
				GCC_DYNAMIC_NO_PIC = NO;
				GCC_NO_COMMON_BLOCKS = YES;
				GCC_OPTIMIZATION_LEVEL = 0;
				GCC_PREPROCESSOR_DEFINITIONS = (
					"DEBUG=1",
					"$(inherited)",
				);
				GCC_WARN_64_TO_32_BIT_CONVERSION = YES;
				GCC_WARN_ABOUT_RETURN_TYPE = YES_ERROR;
				GCC_WARN_UNDECLARED_SELECTOR = YES;
				GCC_WARN_UNINITIALIZED_AUTOS = YES_AGGRESSIVE;
				GCC_WARN_UNUSED_FUNCTION = YES;
				GCC_WARN_UNUSED_VARIABLE = YES;
				IPHONEOS_DEPLOYMENT_TARGET = 15.4;
				MTL_ENABLE_DEBUG_INFO = INCLUDE_SOURCE;
				MTL_FAST_MATH = YES;
				ONLY_ACTIVE_ARCH = YES;
				SDKROOT = iphoneos;
				SWIFT_ACTIVE_COMPILATION_CONDITIONS = DEBUG;
				SWIFT_OPTIMIZATION_LEVEL = "-Onone";
			};
			name = Debug;
		};
		95C9271E281D766800F7738E /* Release */ = {
			isa = XCBuildConfiguration;
			buildSettings = {
				ALWAYS_SEARCH_USER_PATHS = NO;
				CLANG_ANALYZER_NONNULL = YES;
				CLANG_ANALYZER_NUMBER_OBJECT_CONVERSION = YES_AGGRESSIVE;
				CLANG_CXX_LANGUAGE_STANDARD = "gnu++17";
				CLANG_ENABLE_MODULES = YES;
				CLANG_ENABLE_OBJC_ARC = YES;
				CLANG_ENABLE_OBJC_WEAK = YES;
				CLANG_WARN_BLOCK_CAPTURE_AUTORELEASING = YES;
				CLANG_WARN_BOOL_CONVERSION = YES;
				CLANG_WARN_COMMA = YES;
				CLANG_WARN_CONSTANT_CONVERSION = YES;
				CLANG_WARN_DEPRECATED_OBJC_IMPLEMENTATIONS = YES;
				CLANG_WARN_DIRECT_OBJC_ISA_USAGE = YES_ERROR;
				CLANG_WARN_DOCUMENTATION_COMMENTS = YES;
				CLANG_WARN_EMPTY_BODY = YES;
				CLANG_WARN_ENUM_CONVERSION = YES;
				CLANG_WARN_INFINITE_RECURSION = YES;
				CLANG_WARN_INT_CONVERSION = YES;
				CLANG_WARN_NON_LITERAL_NULL_CONVERSION = YES;
				CLANG_WARN_OBJC_IMPLICIT_RETAIN_SELF = YES;
				CLANG_WARN_OBJC_LITERAL_CONVERSION = YES;
				CLANG_WARN_OBJC_ROOT_CLASS = YES_ERROR;
				CLANG_WARN_QUOTED_INCLUDE_IN_FRAMEWORK_HEADER = YES;
				CLANG_WARN_RANGE_LOOP_ANALYSIS = YES;
				CLANG_WARN_STRICT_PROTOTYPES = YES;
				CLANG_WARN_SUSPICIOUS_MOVE = YES;
				CLANG_WARN_UNGUARDED_AVAILABILITY = YES_AGGRESSIVE;
				CLANG_WARN_UNREACHABLE_CODE = YES;
				CLANG_WARN__DUPLICATE_METHOD_MATCH = YES;
				COPY_PHASE_STRIP = NO;
				DEBUG_INFORMATION_FORMAT = "dwarf-with-dsym";
				ENABLE_NS_ASSERTIONS = NO;
				ENABLE_STRICT_OBJC_MSGSEND = YES;
				GCC_C_LANGUAGE_STANDARD = gnu11;
				GCC_NO_COMMON_BLOCKS = YES;
				GCC_WARN_64_TO_32_BIT_CONVERSION = YES;
				GCC_WARN_ABOUT_RETURN_TYPE = YES_ERROR;
				GCC_WARN_UNDECLARED_SELECTOR = YES;
				GCC_WARN_UNINITIALIZED_AUTOS = YES_AGGRESSIVE;
				GCC_WARN_UNUSED_FUNCTION = YES;
				GCC_WARN_UNUSED_VARIABLE = YES;
				IPHONEOS_DEPLOYMENT_TARGET = 15.4;
				MTL_ENABLE_DEBUG_INFO = NO;
				MTL_FAST_MATH = YES;
				SDKROOT = iphoneos;
				SWIFT_COMPILATION_MODE = wholemodule;
				SWIFT_OPTIMIZATION_LEVEL = "-O";
				VALIDATE_PRODUCT = YES;
			};
			name = Release;
		};
		95C92720281D766800F7738E /* Debug */ = {
			isa = XCBuildConfiguration;
			buildSettings = {
				ASSETCATALOG_COMPILER_APPICON_NAME = AppIcon;
				ASSETCATALOG_COMPILER_GLOBAL_ACCENT_COLOR_NAME = AccentColor;
				CODE_SIGN_STYLE = Automatic;
				CURRENT_PROJECT_VERSION = 1;
				DEVELOPMENT_TEAM = T7J4HHBBHQ;
				GENERATE_INFOPLIST_FILE = YES;
				INFOPLIST_FILE = "To-Do Manager/Info.plist";
				INFOPLIST_KEY_UIApplicationSupportsIndirectInputEvents = YES;
				INFOPLIST_KEY_UILaunchStoryboardName = LaunchScreen;
				INFOPLIST_KEY_UIMainStoryboardFile = Main;
				INFOPLIST_KEY_UISupportedInterfaceOrientations_iPad = "UIInterfaceOrientationPortrait UIInterfaceOrientationPortraitUpsideDown UIInterfaceOrientationLandscapeLeft UIInterfaceOrientationLandscapeRight";
				INFOPLIST_KEY_UISupportedInterfaceOrientations_iPhone = "UIInterfaceOrientationPortrait UIInterfaceOrientationLandscapeLeft UIInterfaceOrientationLandscapeRight";
				LD_RUNPATH_SEARCH_PATHS = (
					"$(inherited)",
					"@executable_path/Frameworks",
				);
				MARKETING_VERSION = 1.0;
				PRODUCT_BUNDLE_IDENTIFIER = "com.coderdron.To-Do-Manager";
				PRODUCT_NAME = "$(TARGET_NAME)";
				SWIFT_EMIT_LOC_STRINGS = YES;
				SWIFT_VERSION = 5.0;
				TARGETED_DEVICE_FAMILY = "1,2";
			};
			name = Debug;
		};
		95C92721281D766800F7738E /* Release */ = {
			isa = XCBuildConfiguration;
			buildSettings = {
				ASSETCATALOG_COMPILER_APPICON_NAME = AppIcon;
				ASSETCATALOG_COMPILER_GLOBAL_ACCENT_COLOR_NAME = AccentColor;
				CODE_SIGN_STYLE = Automatic;
				CURRENT_PROJECT_VERSION = 1;
				DEVELOPMENT_TEAM = T7J4HHBBHQ;
				GENERATE_INFOPLIST_FILE = YES;
				INFOPLIST_FILE = "To-Do Manager/Info.plist";
				INFOPLIST_KEY_UIApplicationSupportsIndirectInputEvents = YES;
				INFOPLIST_KEY_UILaunchStoryboardName = LaunchScreen;
				INFOPLIST_KEY_UIMainStoryboardFile = Main;
				INFOPLIST_KEY_UISupportedInterfaceOrientations_iPad = "UIInterfaceOrientationPortrait UIInterfaceOrientationPortraitUpsideDown UIInterfaceOrientationLandscapeLeft UIInterfaceOrientationLandscapeRight";
				INFOPLIST_KEY_UISupportedInterfaceOrientations_iPhone = "UIInterfaceOrientationPortrait UIInterfaceOrientationLandscapeLeft UIInterfaceOrientationLandscapeRight";
				LD_RUNPATH_SEARCH_PATHS = (
					"$(inherited)",
					"@executable_path/Frameworks",
				);
				MARKETING_VERSION = 1.0;
				PRODUCT_BUNDLE_IDENTIFIER = "com.coderdron.To-Do-Manager";
				PRODUCT_NAME = "$(TARGET_NAME)";
				SWIFT_EMIT_LOC_STRINGS = YES;
				SWIFT_VERSION = 5.0;
				TARGETED_DEVICE_FAMILY = "1,2";
			};
			name = Release;
		};
/* End XCBuildConfiguration section */

/* Begin XCConfigurationList section */
		95C92706281D766600F7738E /* Build configuration list for PBXProject "To-Do Manager" */ = {
			isa = XCConfigurationList;
			buildConfigurations = (
				95C9271D281D766800F7738E /* Debug */,
				95C9271E281D766800F7738E /* Release */,
			);
			defaultConfigurationIsVisible = 0;
			defaultConfigurationName = Release;
		};
		95C9271F281D766800F7738E /* Build configuration list for PBXNativeTarget "To-Do Manager" */ = {
			isa = XCConfigurationList;
			buildConfigurations = (
				95C92720281D766800F7738E /* Debug */,
				95C92721281D766800F7738E /* Release */,
			);
			defaultConfigurationIsVisible = 0;
			defaultConfigurationName = Release;
		};
/* End XCConfigurationList section */
	};
	rootObject = 95C92703281D766600F7738E /* Project object */;
}
